// !$*UTF8*$!
{
	archiveVersion = 1;
	classes = {
	};
	objectVersion = 46;
	objects = {

/* Begin PBXBuildFile section */
		9B070BFD1E03C59700E26E59 /* AppDelegate.swift in Sources */ = {isa = PBXBuildFile; fileRef = 9B070BFC1E03C59700E26E59 /* AppDelegate.swift */; };
		9B070BFF1E03C59700E26E59 /* ViewController.swift in Sources */ = {isa = PBXBuildFile; fileRef = 9B070BFE1E03C59700E26E59 /* ViewController.swift */; };
		9B070C021E03C59700E26E59 /* Main.storyboard in Resources */ = {isa = PBXBuildFile; fileRef = 9B070C001E03C59700E26E59 /* Main.storyboard */; };
		9B070C041E03C59700E26E59 /* Assets.xcassets in Resources */ = {isa = PBXBuildFile; fileRef = 9B070C031E03C59700E26E59 /* Assets.xcassets */; };
		9B070C071E03C59700E26E59 /* LaunchScreen.storyboard in Resources */ = {isa = PBXBuildFile; fileRef = 9B070C051E03C59700E26E59 /* LaunchScreen.storyboard */; };
		9B070C121E03C59700E26E59 /* RemoteGitTestTests.swift in Sources */ = {isa = PBXBuildFile; fileRef = 9B070C111E03C59700E26E59 /* RemoteGitTestTests.swift */; };
/* End PBXBuildFile section */

/* Begin PBXContainerItemProxy section */
		9B070C0E1E03C59700E26E59 /* PBXContainerItemProxy */ = {
			isa = PBXContainerItemProxy;
			containerPortal = 9B070BF11E03C59700E26E59 /* Project object */;
			proxyType = 1;
			remoteGlobalIDString = 9B070BF81E03C59700E26E59;
			remoteInfo = RemoteGitTest;
		};
/* End PBXContainerItemProxy section */

/* Begin PBXFileReference section */
		9B070BF91E03C59700E26E59 /* RemoteGitTest.app */ = {isa = PBXFileReference; explicitFileType = wrapper.application; includeInIndex = 0; path = RemoteGitTest.app; sourceTree = BUILT_PRODUCTS_DIR; };
		9B070BFC1E03C59700E26E59 /* AppDelegate.swift */ = {isa = PBXFileReference; lastKnownFileType = sourcecode.swift; path = AppDelegate.swift; sourceTree = "<group>"; };
		9B070BFE1E03C59700E26E59 /* ViewController.swift */ = {isa = PBXFileReference; lastKnownFileType = sourcecode.swift; path = ViewController.swift; sourceTree = "<group>"; };
		9B070C011E03C59700E26E59 /* Base */ = {isa = PBXFileReference; lastKnownFileType = file.storyboard; name = Base; path = Base.lproj/Main.storyboard; sourceTree = "<group>"; };
		9B070C031E03C59700E26E59 /* Assets.xcassets */ = {isa = PBXFileReference; lastKnownFileType = folder.assetcatalog; path = Assets.xcassets; sourceTree = "<group>"; };
		9B070C061E03C59700E26E59 /* Base */ = {isa = PBXFileReference; lastKnownFileType = file.storyboard; name = Base; path = Base.lproj/LaunchScreen.storyboard; sourceTree = "<group>"; };
		9B070C081E03C59700E26E59 /* Info.plist */ = {isa = PBXFileReference; lastKnownFileType = text.plist.xml; path = Info.plist; sourceTree = "<group>"; };
		9B070C0D1E03C59700E26E59 /* RemoteGitTestTests.xctest */ = {isa = PBXFileReference; explicitFileType = wrapper.cfbundle; includeInIndex = 0; path = RemoteGitTestTests.xctest; sourceTree = BUILT_PRODUCTS_DIR; };
		9B070C111E03C59700E26E59 /* RemoteGitTestTests.swift */ = {isa = PBXFileReference; lastKnownFileType = sourcecode.swift; path = RemoteGitTestTests.swift; sourceTree = "<group>"; };
		9B070C131E03C59700E26E59 /* Info.plist */ = {isa = PBXFileReference; lastKnownFileType = text.plist.xml; path = Info.plist; sourceTree = "<group>"; };
/* End PBXFileReference section */

/* Begin PBXFrameworksBuildPhase section */
		9B070BF61E03C59700E26E59 /* Frameworks */ = {
			isa = PBXFrameworksBuildPhase;
			buildActionMask = 2147483647;
			files = (
			);
			runOnlyForDeploymentPostprocessing = 0;
		};
		9B070C0A1E03C59700E26E59 /* Frameworks */ = {
			isa = PBXFrameworksBuildPhase;
			buildActionMask = 2147483647;
			files = (
			);
			runOnlyForDeploymentPostprocessing = 0;
		};
/* End PBXFrameworksBuildPhase section */

/* Begin PBXGroup section */
		9B070BF01E03C59700E26E59 = {
			isa = PBXGroup;
			children = (
				9B070BFB1E03C59700E26E59 /* RemoteGitTest */,
				9B070C101E03C59700E26E59 /* RemoteGitTestTests */,
				9B070BFA1E03C59700E26E59 /* Products */,
			);
			sourceTree = "<group>";
		};
		9B070BFA1E03C59700E26E59 /* Products */ = {
			isa = PBXGroup;
			children = (
				9B070BF91E03C59700E26E59 /* RemoteGitTest.app */,
				9B070C0D1E03C59700E26E59 /* RemoteGitTestTests.xctest */,
			);
			name = Products;
			sourceTree = "<group>";
		};
		9B070BFB1E03C59700E26E59 /* RemoteGitTest */ = {
			isa = PBXGroup;
			children = (
				9B070BFC1E03C59700E26E59 /* AppDelegate.swift */,
				9B070BFE1E03C59700E26E59 /* ViewController.swift */,
				9B070C001E03C59700E26E59 /* Main.storyboard */,
				9B070C031E03C59700E26E59 /* Assets.xcassets */,
				9B070C051E03C59700E26E59 /* LaunchScreen.storyboard */,
				9B070C081E03C59700E26E59 /* Info.plist */,
			);
			path = RemoteGitTest;
			sourceTree = "<group>";
		};
		9B070C101E03C59700E26E59 /* RemoteGitTestTests */ = {
			isa = PBXGroup;
			children = (
				9B070C111E03C59700E26E59 /* RemoteGitTestTests.swift */,
				9B070C131E03C59700E26E59 /* Info.plist */,
			);
			path = RemoteGitTestTests;
			sourceTree = "<group>";
		};
/* End PBXGroup section */

/* Begin PBXNativeTarget section */
		9B070BF81E03C59700E26E59 /* RemoteGitTest */ = {
			isa = PBXNativeTarget;
			buildConfigurationList = 9B070C161E03C59700E26E59 /* Build configuration list for PBXNativeTarget "RemoteGitTest" */;
			buildPhases = (
				9B070BF51E03C59700E26E59 /* Sources */,
				9B070BF61E03C59700E26E59 /* Frameworks */,
				9B070BF71E03C59700E26E59 /* Resources */,
			);
			buildRules = (
			);
			dependencies = (
			);
			name = RemoteGitTest;
			productName = RemoteGitTest;
			productReference = 9B070BF91E03C59700E26E59 /* RemoteGitTest.app */;
			productType = "com.apple.product-type.application";
		};
		9B070C0C1E03C59700E26E59 /* RemoteGitTestTests */ = {
			isa = PBXNativeTarget;
			buildConfigurationList = 9B070C191E03C59700E26E59 /* Build configuration list for PBXNativeTarget "RemoteGitTestTests" */;
			buildPhases = (
				9B070C091E03C59700E26E59 /* Sources */,
				9B070C0A1E03C59700E26E59 /* Frameworks */,
				9B070C0B1E03C59700E26E59 /* Resources */,
			);
			buildRules = (
			);
			dependencies = (
				9B070C0F1E03C59700E26E59 /* PBXTargetDependency */,
			);
			name = RemoteGitTestTests;
			productName = RemoteGitTestTests;
			productReference = 9B070C0D1E03C59700E26E59 /* RemoteGitTestTests.xctest */;
			productType = "com.apple.product-type.bundle.unit-test";
		};
/* End PBXNativeTarget section */

/* Begin PBXProject section */
		9B070BF11E03C59700E26E59 /* Project object */ = {
			isa = PBXProject;
			attributes = {
				LastSwiftUpdateCheck = 0810;
				LastUpgradeCheck = 0810;
				ORGANIZATIONNAME = Eason;
				TargetAttributes = {
					9B070BF81E03C59700E26E59 = {
						CreatedOnToolsVersion = 8.1;
						ProvisioningStyle = Automatic;
					};
					9B070C0C1E03C59700E26E59 = {
						CreatedOnToolsVersion = 8.1;
						ProvisioningStyle = Automatic;
						TestTargetID = 9B070BF81E03C59700E26E59;
					};
				};
			};
			buildConfigurationList = 9B070BF41E03C59700E26E59 /* Build configuration list for PBXProject "RemoteGitTest" */;
			compatibilityVersion = "Xcode 3.2";
			developmentRegion = English;
			hasScannedForEncodings = 0;
			knownRegions = (
				en,
				Base,
			);
			mainGroup = 9B070BF01E03C59700E26E59;
			productRefGroup = 9B070BFA1E03C59700E26E59 /* Products */;
			projectDirPath = "";
			projectRoot = "";
			targets = (
				9B070BF81E03C59700E26E59 /* RemoteGitTest */,
				9B070C0C1E03C59700E26E59 /* RemoteGitTestTests */,
			);
		};
/* End PBXProject section */

/* Begin PBXResourcesBuildPhase section */
		9B070BF71E03C59700E26E59 /* Resources */ = {
			isa = PBXResourcesBuildPhase;
			buildActionMask = 2147483647;
			files = (
				9B070C071E03C59700E26E59 /* LaunchScreen.storyboard in Resources */,
				9B070C041E03C59700E26E59 /* Assets.xcassets in Resources */,
				9B070C021E03C59700E26E59 /* Main.storyboard in Resources */,
			);
			runOnlyForDeploymentPostprocessing = 0;
		};
		9B070C0B1E03C59700E26E59 /* Resources */ = {
			isa = PBXResourcesBuildPhase;
			buildActionMask = 2147483647;
			files = (
			);
			runOnlyForDeploymentPostprocessing = 0;
		};
/* End PBXResourcesBuildPhase section */

/* Begin PBXSourcesBuildPhase section */
		9B070BF51E03C59700E26E59 /* Sources */ = {
			isa = PBXSourcesBuildPhase;
			buildActionMask = 2147483647;
			files = (
				9B070BFF1E03C59700E26E59 /* ViewController.swift in Sources */,
				9B070BFD1E03C59700E26E59 /* AppDelegate.swift in Sources */,
			);
			runOnlyForDeploymentPostprocessing = 0;
		};
		9B070C091E03C59700E26E59 /* Sources */ = {
			isa = PBXSourcesBuildPhase;
			buildActionMask = 2147483647;
			files = (
				9B070C121E03C59700E26E59 /* RemoteGitTestTests.swift in Sources */,
			);
			runOnlyForDeploymentPostprocessing = 0;
		};
/* End PBXSourcesBuildPhase section */

/* Begin PBXTargetDependency section */
		9B070C0F1E03C59700E26E59 /* PBXTargetDependency */ = {
			isa = PBXTargetDependency;
			target = 9B070BF81E03C59700E26E59 /* RemoteGitTest */;
			targetProxy = 9B070C0E1E03C59700E26E59 /* PBXContainerItemProxy */;
		};
/* End PBXTargetDependency section */

/* Begin PBXVariantGroup section */
		9B070C001E03C59700E26E59 /* Main.storyboard */ = {
			isa = PBXVariantGroup;
			children = (
				9B070C011E03C59700E26E59 /* Base */,
			);
			name = Main.storyboard;
			sourceTree = "<group>";
		};
		9B070C051E03C59700E26E59 /* LaunchScreen.storyboard */ = {
			isa = PBXVariantGroup;
			children = (
				9B070C061E03C59700E26E59 /* Base */,
			);
			name = LaunchScreen.storyboard;
			sourceTree = "<group>";
		};
/* End PBXVariantGroup section */

/* Begin XCBuildConfiguration section */
		9B070C141E03C59700E26E59 /* Debug */ = {
			isa = XCBuildConfiguration;
			buildSettings = {
				ALWAYS_SEARCH_USER_PATHS = NO;
				CLANG_ANALYZER_NONNULL = YES;
				CLANG_CXX_LANGUAGE_STANDARD = "gnu++0x";
				CLANG_CXX_LIBRARY = "libc++";
				CLANG_ENABLE_MODULES = YES;
				CLANG_ENABLE_OBJC_ARC = YES;
				CLANG_WARN_BOOL_CONVERSION = YES;
				CLANG_WARN_CONSTANT_CONVERSION = YES;
				CLANG_WARN_DIRECT_OBJC_ISA_USAGE = YES_ERROR;
				CLANG_WARN_DOCUMENTATION_COMMENTS = YES;
				CLANG_WARN_EMPTY_BODY = YES;
				CLANG_WARN_ENUM_CONVERSION = YES;
				CLANG_WARN_INFINITE_RECURSION = YES;
				CLANG_WARN_INT_CONVERSION = YES;
				CLANG_WARN_OBJC_ROOT_CLASS = YES_ERROR;
				CLANG_WARN_SUSPICIOUS_MOVES = YES;
				CLANG_WARN_UNREACHABLE_CODE = YES;
				CLANG_WARN__DUPLICATE_METHOD_MATCH = YES;
				"CODE_SIGN_IDENTITY[sdk=iphoneos*]" = "iPhone Developer";
				COPY_PHASE_STRIP = NO;
				DEBUG_INFORMATION_FORMAT = dwarf;
				ENABLE_STRICT_OBJC_MSGSEND = YES;
				ENABLE_TESTABILITY = YES;
				GCC_C_LANGUAGE_STANDARD = gnu99;
				GCC_DYNAMIC_NO_PIC = NO;
				GCC_NO_COMMON_BLOCKS = YES;
				GCC_OPTIMIZATION_LEVEL = 0;
				GCC_PREPROCESSOR_DEFINITIONS = (
					"DEBUG=1",
					"$(inherited)",
				);
				GCC_WARN_64_TO_32_BIT_CONVERSION = YES;
				GCC_WARN_ABOUT_RETURN_TYPE = YES_ERROR;
				GCC_WARN_UNDECLARED_SELECTOR = YES;
				GCC_WARN_UNINITIALIZED_AUTOS = YES_AGGRESSIVE;
				GCC_WARN_UNUSED_FUNCTION = YES;
				GCC_WARN_UNUSED_VARIABLE = YES;
				IPHONEOS_DEPLOYMENT_TARGET = 10.1;
				MTL_ENABLE_DEBUG_INFO = YES;
				ONLY_ACTIVE_ARCH = YES;
				SDKROOT = iphoneos;
				SWIFT_ACTIVE_COMPILATION_CONDITIONS = DEBUG;
				SWIFT_OPTIMIZATION_LEVEL = "-Onone";
				TARGETED_DEVICE_FAMILY = "1,2";
			};
			name = Debug;
		};
		9B070C151E03C59700E26E59 /* Release */ = {
			isa = XCBuildConfiguration;
			buildSettings = {
				ALWAYS_SEARCH_USER_PATHS = NO;
				CLANG_ANALYZER_NONNULL = YES;
				CLANG_CXX_LANGUAGE_STANDARD = "gnu++0x";
				CLANG_CXX_LIBRARY = "libc++";
				CLANG_ENABLE_MODULES = YES;
				CLANG_ENABLE_OBJC_ARC = YES;
				CLANG_WARN_BOOL_CONVERSION = YES;
				CLANG_WARN_CONSTANT_CONVERSION = YES;
				CLANG_WARN_DIRECT_OBJC_ISA_USAGE = YES_ERROR;
				CLANG_WARN_DOCUMENTATION_COMMENTS = YES;
				CLANG_WARN_EMPTY_BODY = YES;
				CLANG_WARN_ENUM_CONVERSION = YES;
				CLANG_WARN_INFINITE_RECURSION = YES;
				CLANG_WARN_INT_CONVERSION = YES;
				CLANG_WARN_OBJC_ROOT_CLASS = YES_ERROR;
				CLANG_WARN_SUSPICIOUS_MOVES = YES;
				CLANG_WARN_UNREACHABLE_CODE = YES;
				CLANG_WARN__DUPLICATE_METHOD_MATCH = YES;
				"CODE_SIGN_IDENTITY[sdk=iphoneos*]" = "iPhone Developer";
				COPY_PHASE_STRIP = NO;
				DEBUG_INFORMATION_FORMAT = "dwarf-with-dsym";
				ENABLE_NS_ASSERTIONS = NO;
				ENABLE_STRICT_OBJC_MSGSEND = YES;
				GCC_C_LANGUAGE_STANDARD = gnu99;
				GCC_NO_COMMON_BLOCKS = YES;
				GCC_WARN_64_TO_32_BIT_CONVERSION = YES;
				GCC_WARN_ABOUT_RETURN_TYPE = YES_ERROR;
				GCC_WARN_UNDECLARED_SELECTOR = YES;
				GCC_WARN_UNINITIALIZED_AUTOS = YES_AGGRESSIVE;
				GCC_WARN_UNUSED_FUNCTION = YES;
				GCC_WARN_UNUSED_VARIABLE = YES;
				IPHONEOS_DEPLOYMENT_TARGET = 10.1;
				MTL_ENABLE_DEBUG_INFO = NO;
				SDKROOT = iphoneos;
				SWIFT_OPTIMIZATION_LEVEL = "-Owholemodule";
				TARGETED_DEVICE_FAMILY = "1,2";
				VALIDATE_PRODUCT = YES;
			};
			name = Release;
		};
		9B070C171E03C59700E26E59 /* Debug */ = {
			isa = XCBuildConfiguration;
			buildSettings = {
				ASSETCATALOG_COMPILER_APPICON_NAME = AppIcon;
				INFOPLIST_FILE = RemoteGitTest/Info.plist;
				LD_RUNPATH_SEARCH_PATHS = "$(inherited) @executable_path/Frameworks";
				PRODUCT_BUNDLE_IDENTIFIER = com.raytech.eason.RemoteGitTest;
				PRODUCT_NAME = "$(TARGET_NAME)";
				SWIFT_VERSION = 3.0;
			};
			name = Debug;
		};
		9B070C181E03C59700E26E59 /* Release */ = {
			isa = XCBuildConfiguration;
			buildSettings = {
				ASSETCATALOG_COMPILER_APPICON_NAME = AppIcon;
				INFOPLIST_FILE = RemoteGitTest/Info.plist;
				LD_RUNPATH_SEARCH_PATHS = "$(inherited) @executable_path/Frameworks";
				PRODUCT_BUNDLE_IDENTIFIER = com.raytech.eason.RemoteGitTest;
				PRODUCT_NAME = "$(TARGET_NAME)";
				SWIFT_VERSION = 3.0;
			};
			name = Release;
		};
		9B070C1A1E03C59700E26E59 /* Debug */ = {
			isa = XCBuildConfiguration;
			buildSettings = {
				ALWAYS_EMBED_SWIFT_STANDARD_LIBRARIES = YES;
				BUNDLE_LOADER = "$(TEST_HOST)";
				INFOPLIST_FILE = RemoteGitTestTests/Info.plist;
				LD_RUNPATH_SEARCH_PATHS = "$(inherited) @executable_path/Frameworks @loader_path/Frameworks";
				PRODUCT_BUNDLE_IDENTIFIER = com.raytech.eason.RemoteGitTestTests;
				PRODUCT_NAME = "$(TARGET_NAME)";
				SWIFT_VERSION = 3.0;
				TEST_HOST = "$(BUILT_PRODUCTS_DIR)/RemoteGitTest.app/RemoteGitTest";
			};
			name = Debug;
		};
		9B070C1B1E03C59700E26E59 /* Release */ = {
			isa = XCBuildConfiguration;
			buildSettings = {
				ALWAYS_EMBED_SWIFT_STANDARD_LIBRARIES = YES;
				BUNDLE_LOADER = "$(TEST_HOST)";
				INFOPLIST_FILE = RemoteGitTestTests/Info.plist;
				LD_RUNPATH_SEARCH_PATHS = "$(inherited) @executable_path/Frameworks @loader_path/Frameworks";
				PRODUCT_BUNDLE_IDENTIFIER = com.raytech.eason.RemoteGitTestTests;
				PRODUCT_NAME = "$(TARGET_NAME)";
				SWIFT_VERSION = 3.0;
				TEST_HOST = "$(BUILT_PRODUCTS_DIR)/RemoteGitTest.app/RemoteGitTest";
			};
			name = Release;
		};
/* End XCBuildConfiguration section */

/* Begin XCConfigurationList section */
		9B070BF41E03C59700E26E59 /* Build configuration list for PBXProject "RemoteGitTest" */ = {
			isa = XCConfigurationList;
			buildConfigurations = (
				9B070C141E03C59700E26E59 /* Debug */,
				9B070C151E03C59700E26E59 /* Release */,
			);
			defaultConfigurationIsVisible = 0;
			defaultConfigurationName = Release;
		};
		9B070C161E03C59700E26E59 /* Build configuration list for PBXNativeTarget "RemoteGitTest" */ = {
			isa = XCConfigurationList;
			buildConfigurations = (
				9B070C171E03C59700E26E59 /* Debug */,
				9B070C181E03C59700E26E59 /* Release */,
			);
			defaultConfigurationIsVisible = 0;
		};
		9B070C191E03C59700E26E59 /* Build configuration list for PBXNativeTarget "RemoteGitTestTests" */ = {
			isa = XCConfigurationList;
			buildConfigurations = (
				9B070C1A1E03C59700E26E59 /* Debug */,
				9B070C1B1E03C59700E26E59 /* Release */,
			);
			defaultConfigurationIsVisible = 0;
		};
/* End XCConfigurationList section */
	};
	rootObject = 9B070BF11E03C59700E26E59 /* Project object */;
}
